
Microsoft Visual Studio Solution File, Format Version 12.00
# Visual Studio 15
Project("{FAE04EC0-301F-11D3-BF4B-00C04F79EFBC}") = "PerosnalStuf", "PerosnalStuf.csproj", "{387B133E-FF74-93DB-317B-F99B56BFA901}"
EndProject
Global
	GlobalSection(SolutionConfigurationPlatforms) = preSolution
		Debug|Any CPU = Debug|Any CPU
		Release|Any CPU = Release|Any CPU
	EndGlobalSection
	GlobalSection(ProjectConfigurationPlatforms) = postSolution
		{387B133E-FF74-93DB-317B-F99B56BFA901}.Debug|Any CPU.ActiveCfg = Debug|Any CPU
		{387B133E-FF74-93DB-317B-F99B56BFA901}.Debug|Any CPU.Build.0 = Debug|Any CPU
		{387B133E-FF74-93DB-317B-F99B56BFA901}.Release|Any CPU.ActiveCfg = Release|Any CPU
		{387B133E-FF74-93DB-317B-F99B56BFA901}.Release|Any CPU.Build.0 = Release|Any CPU
	EndGlobalSection
	GlobalSection(SolutionProperties) = preSolution
		HideSolutionNode = FALSE
	EndGlobalSection
EndGlobal
